
Microsoft Visual Studio Solution File, Format Version 12.00
# Visual Studio Version 17
VisualStudioVersion = 17.7.34024.191
MinimumVisualStudioVersion = 10.0.40219.1
Project("{FAE04EC0-301F-11D3-BF4B-00C04F79EFBC}") = "MAUI_PASSWORD_MANAGER", "MAUI_PASSWORD_MANAGER\MAUI_PASSWORD_MANAGER.csproj", "{EC3069D3-750E-4350-A02A-99D04B993D57}"
EndProject
Global
	GlobalSection(SolutionConfigurationPlatforms) = preSolution
		Debug|Any CPU = Debug|Any CPU
		Release|Any CPU = Release|Any CPU
	EndGlobalSection
	GlobalSection(ProjectConfigurationPlatforms) = postSolution
		{EC3069D3-750E-4350-A02A-99D04B993D57}.Debug|Any CPU.ActiveCfg = Debug|Any CPU
		{EC3069D3-750E-4350-A02A-99D04B993D57}.Debug|Any CPU.Build.0 = Debug|Any CPU
		{EC3069D3-750E-4350-A02A-99D04B993D57}.Debug|Any CPU.Deploy.0 = Debug|Any CPU
		{EC3069D3-750E-4350-A02A-99D04B993D57}.Release|Any CPU.ActiveCfg = Release|Any CPU
		{EC3069D3-750E-4350-A02A-99D04B993D57}.Release|Any CPU.Build.0 = Release|Any CPU
		{EC3069D3-750E-4350-A02A-99D04B993D57}.Release|Any CPU.Deploy.0 = Release|Any CPU
	EndGlobalSection
	GlobalSection(SolutionProperties) = preSolution
		HideSolutionNode = FALSE
	EndGlobalSection
	GlobalSection(ExtensibilityGlobals) = postSolution
		SolutionGuid = {7E4B9A45-9233-4C1A-ADD0-0578539C32AD}
	EndGlobalSection
EndGlobal
